
Microsoft Visual Studio Solution File, Format Version 12.00
# Visual Studio 15
Project("{FAE04EC0-301F-11D3-BF4B-00C04F79EFBC}") = "UnityEngine.TestRunner", "UnityEngine.TestRunner.csproj", "{48C46574-4F3F-C97E-31FA-34EDB2DB50FA}"
EndProject
Project("{FAE04EC0-301F-11D3-BF4B-00C04F79EFBC}") = "UnityEngine.UI", "UnityEngine.UI.csproj", "{881A2B79-0B7E-6B69-55CB-F77C8D81FABE}"
EndProject
Project("{FAE04EC0-301F-11D3-BF4B-00C04F79EFBC}") = "Unity.VisualScripting.Flow", "Unity.VisualScripting.Flow.csproj", "{5F0E0839-FA28-5DE5-8C0D-656CF5966920}"
EndProject
Project("{FAE04EC0-301F-11D3-BF4B-00C04F79EFBC}") = "Unity.Mathematics", "Unity.Mathematics.csproj", "{2BA82A9C-8BCE-FCC2-D463-C584F6DE65A5}"
EndProject
Project("{FAE04EC0-301F-11D3-BF4B-00C04F79EFBC}") = "Unity.Services.Core.Telemetry", "Unity.Services.Core.Telemetry.csproj", "{F74FB79E-CA78-C7EB-27C8-36519BE97193}"
EndProject
Project("{FAE04EC0-301F-11D3-BF4B-00C04F79EFBC}") = "Unity.VisualScripting.State", "Unity.VisualScripting.State.csproj", "{1B72EE87-E30C-D195-CD93-EBFBAAF0353A}"
EndProject
Project("{FAE04EC0-301F-11D3-BF4B-00C04F79EFBC}") = "Unity.VisualScripting.Core", "Unity.VisualScripting.Core.csproj", "{E25FF8D8-CDB9-643A-4ACB-161FC410B859}"
EndProject
Project("{FAE04EC0-301F-11D3-BF4B-00C04F79EFBC}") = "Unity.Services.Core.Environments.Internal", "Unity.Services.Core.Environments.Internal.csproj", "{95814F07-5366-7493-9F0D-77D1A2511633}"
EndProject
Project("{FAE04EC0-301F-11D3-BF4B-00C04F79EFBC}") = "Unity.Burst", "Unity.Burst.csproj", "{71919977-F6A1-6D41-ABD4-723E18FAB11F}"
EndProject
Project("{FAE04EC0-301F-11D3-BF4B-00C04F79EFBC}") = "Unity.2D.Animation.Runtime", "Unity.2D.Animation.Runtime.csproj", "{04F035E4-0D91-BD71-C0F7-F30C6BB9D7DB}"
EndProject
Project("{FAE04EC0-301F-11D3-BF4B-00C04F79EFBC}") = "Unity.TextMeshPro", "Unity.TextMeshPro.csproj", "{59F329C9-5BDD-8DE9-6489-74C132CE7A6A}"
EndProject
Project("{FAE04EC0-301F-11D3-BF4B-00C04F79EFBC}") = "Unity.Timeline", "Unity.Timeline.csproj", "{16F6233F-8A8C-D35F-0988-C7E14820BA68}"
EndProject
Project("{FAE04EC0-301F-11D3-BF4B-00C04F79EFBC}") = "Unity.Services.Core", "Unity.Services.Core.csproj", "{4C05E9BD-DC01-931E-6F62-67E970FCB6A3}"
EndProject
Project("{FAE04EC0-301F-11D3-BF4B-00C04F79EFBC}") = "Unity.Services.Core.Environments", "Unity.Services.Core.Environments.csproj", "{90439803-809B-E219-E0F6-1AE86BBEE445}"
EndProject
Project("{FAE04EC0-301F-11D3-BF4B-00C04F79EFBC}") = "Unity.Services.Core.Internal", "Unity.Services.Core.Internal.csproj", "{1CFC03CC-C04B-7A97-AEA9-58368A39D2E4}"
EndProject
Project("{FAE04EC0-301F-11D3-BF4B-00C04F79EFBC}") = "Unity.Services.Core.Analytics", "Unity.Services.Core.Analytics.csproj", "{8EF63034-3974-D072-83CE-5190D63C2CAB}"
EndProject
Project("{FAE04EC0-301F-11D3-BF4B-00C04F79EFBC}") = "Unity.2D.SpriteShape.Runtime", "Unity.2D.SpriteShape.Runtime.csproj", "{EFAE7B99-EA7D-CA84-91F8-64F6B59594CF}"
EndProject
Project("{FAE04EC0-301F-11D3-BF4B-00C04F79EFBC}") = "Unity.Services.Core.Scheduler", "Unity.Services.Core.Scheduler.csproj", "{742D4EAF-5CA9-859A-4E71-6D63A39756BC}"
EndProject
Project("{FAE04EC0-301F-11D3-BF4B-00C04F79EFBC}") = "Unity.Services.Core.Registration", "Unity.Services.Core.Registration.csproj", "{2C521C0A-3747-D092-1936-7628A098F26A}"
EndProject
Project("{FAE04EC0-301F-11D3-BF4B-00C04F79EFBC}") = "Unity.2D.PixelPerfect", "Unity.2D.PixelPerfect.csproj", "{466F7701-CEF9-0D45-D342-24EAF5655255}"
EndProject
Project("{FAE04EC0-301F-11D3-BF4B-00C04F79EFBC}") = "Unity.2D.Common.Runtime", "Unity.2D.Common.Runtime.csproj", "{E29AB53D-BC6F-8B42-F12A-793B803EF9AD}"
EndProject
Project("{FAE04EC0-301F-11D3-BF4B-00C04F79EFBC}") = "Unity.2D.IK.Runtime", "Unity.2D.IK.Runtime.csproj", "{704E431F-CC8D-9578-44A7-7A1D8244783C}"
EndProject
Project("{FAE04EC0-301F-11D3-BF4B-00C04F79EFBC}") = "Unity.Services.Core.Device", "Unity.Services.Core.Device.csproj", "{C40E4B7A-B1E0-7E11-3A16-868B9A21F8AE}"
EndProject
Project("{FAE04EC0-301F-11D3-BF4B-00C04F79EFBC}") = "Unity.Services.Core.Threading", "Unity.Services.Core.Threading.csproj", "{FB3DF9D6-4F1B-6347-AB32-72CD4E605B38}"
EndProject
Project("{FAE04EC0-301F-11D3-BF4B-00C04F79EFBC}") = "Unity.2D.Tilemap.Extras", "Unity.2D.Tilemap.Extras.csproj", "{9861416D-8AB8-415D-F0FB-0483348D505D}"
EndProject
Project("{FAE04EC0-301F-11D3-BF4B-00C04F79EFBC}") = "Unity.Services.Core.Networking", "Unity.Services.Core.Networking.csproj", "{7C09083E-49D6-4533-5089-2BEC5883DBC3}"
EndProject
Project("{FAE04EC0-301F-11D3-BF4B-00C04F79EFBC}") = "Unity.InternalAPIEngineBridge.001", "Unity.InternalAPIEngineBridge.001.csproj", "{972754BA-ADA7-CCC3-5EAD-8AADAA091470}"
EndProject
Project("{FAE04EC0-301F-11D3-BF4B-00C04F79EFBC}") = "Assembly-CSharp", "Assembly-CSharp.csproj", "{A78F0D0A-AC9C-D8DF-6313-F87ADA790BD8}"
EndProject
Project("{FAE04EC0-301F-11D3-BF4B-00C04F79EFBC}") = "Unity.Services.Core.Configuration", "Unity.Services.Core.Configuration.csproj", "{0CBD641F-CA25-2C02-0BAC-56ECEB30FA64}"
EndProject
Project("{FAE04EC0-301F-11D3-BF4B-00C04F79EFBC}") = "Unity.PlasticSCM.Editor", "Unity.PlasticSCM.Editor.csproj", "{3BD40369-B3F8-CD35-EC3E-639F1A2EA1A9}"
EndProject
Project("{FAE04EC0-301F-11D3-BF4B-00C04F79EFBC}") = "Unity.VisualScripting.Core.Editor", "Unity.VisualScripting.Core.Editor.csproj", "{F278E45B-0683-1E04-4072-E515AB8C5F99}"
EndProject
Project("{FAE04EC0-301F-11D3-BF4B-00C04F79EFBC}") = "Unity.VisualScripting.Flow.Editor", "Unity.VisualScripting.Flow.Editor.csproj", "{EF788498-9F60-A8DE-BEE3-567F7C1C7967}"
EndProject
Project("{FAE04EC0-301F-11D3-BF4B-00C04F79EFBC}") = "Unity.VisualStudio.Editor", "Unity.VisualStudio.Editor.csproj", "{A8E57372-ABEA-33E8-51A2-0EB5D608D69D}"
EndProject
Project("{FAE04EC0-301F-11D3-BF4B-00C04F79EFBC}") = "Unity.Timeline.Editor", "Unity.Timeline.Editor.csproj", "{86261A39-979F-0101-7E19-FAEDC474E11E}"
EndProject
Project("{FAE04EC0-301F-11D3-BF4B-00C04F79EFBC}") = "Unity.VisualScripting.State.Editor", "Unity.VisualScripting.State.Editor.csproj", "{3C1FC19C-A0AE-59CE-F87F-013AC9DD2419}"
EndProject
Project("{FAE04EC0-301F-11D3-BF4B-00C04F79EFBC}") = "Unity.TextMeshPro.Editor", "Unity.TextMeshPro.Editor.csproj", "{BE435217-8E61-EEC1-C5A6-B7ABE9E00687}"
EndProject
Project("{FAE04EC0-301F-11D3-BF4B-00C04F79EFBC}") = "Unity.2D.Animation.Editor", "Unity.2D.Animation.Editor.csproj", "{2934B354-50B2-3EE1-1814-A76B541D424A}"
EndProject
Project("{FAE04EC0-301F-11D3-BF4B-00C04F79EFBC}") = "Unity.VisualScripting.SettingsProvider.Editor", "Unity.VisualScripting.SettingsProvider.Editor.csproj", "{DBCFBDCF-A72B-9E30-BA35-548BCC472C4E}"
EndProject
Project("{FAE04EC0-301F-11D3-BF4B-00C04F79EFBC}") = "Unity.CollabProxy.Editor", "Unity.CollabProxy.Editor.csproj", "{E9A125D4-981D-66E7-5BF0-2D0C55F065AA}"
EndProject
Project("{FAE04EC0-301F-11D3-BF4B-00C04F79EFBC}") = "UnityEditor.TestRunner", "UnityEditor.TestRunner.csproj", "{2D4B6EE9-0E4A-769E-A4C7-98EFDD6859AC}"
EndProject
Project("{FAE04EC0-301F-11D3-BF4B-00C04F79EFBC}") = "Unity.2D.Tilemap.Editor", "Unity.2D.Tilemap.Editor.csproj", "{45DB7AA1-DB1C-03AC-DFFA-4B798DDF9E56}"
EndProject
Project("{FAE04EC0-301F-11D3-BF4B-00C04F79EFBC}") = "Unity.Services.Core.Editor", "Unity.Services.Core.Editor.csproj", "{734D0F3D-4D53-0B44-AB51-C9EBE4A4C17F}"
EndProject
Project("{FAE04EC0-301F-11D3-BF4B-00C04F79EFBC}") = "Unity.Rider.Editor", "Unity.Rider.Editor.csproj", "{964D0589-3D54-DC34-3799-9129C5AEBD6E}"
EndProject
Project("{FAE04EC0-301F-11D3-BF4B-00C04F79EFBC}") = "Unity.2D.Path.Editor", "Unity.2D.Path.Editor.csproj", "{F9E147BF-31A0-AD60-900F-AEACB29D71AA}"
EndProject
Project("{FAE04EC0-301F-11D3-BF4B-00C04F79EFBC}") = "PsdPlugin", "PsdPlugin.csproj", "{97722B13-9CA8-8096-21CF-F2FACB0C0258}"
EndProject
Project("{FAE04EC0-301F-11D3-BF4B-00C04F79EFBC}") = "Unity.2D.IK.Editor", "Unity.2D.IK.Editor.csproj", "{C7FA4C59-F8D7-2D25-59FB-8F5871B7FEFE}"
EndProject
Project("{FAE04EC0-301F-11D3-BF4B-00C04F79EFBC}") = "Unity.2D.Psdimporter.Editor", "Unity.2D.Psdimporter.Editor.csproj", "{F7B42DD6-8261-954A-80F8-B56B6E200269}"
EndProject
Project("{FAE04EC0-301F-11D3-BF4B-00C04F79EFBC}") = "Unity.2D.SpriteShape.Editor", "Unity.2D.SpriteShape.Editor.csproj", "{ED1EB02C-7D62-6D41-682F-007621C7E2AB}"
EndProject
Project("{FAE04EC0-301F-11D3-BF4B-00C04F79EFBC}") = "Unity.Burst.CodeGen", "Unity.Burst.CodeGen.csproj", "{BACF374B-3E81-2399-9A00-58BBC26472FF}"
EndProject
Project("{FAE04EC0-301F-11D3-BF4B-00C04F79EFBC}") = "Unity.2D.PixelPerfect.Editor", "Unity.2D.PixelPerfect.Editor.csproj", "{7620609A-FB01-B343-0194-3713167AE4BD}"
EndProject
Project("{FAE04EC0-301F-11D3-BF4B-00C04F79EFBC}") = "Unity.VSCode.Editor", "Unity.VSCode.Editor.csproj", "{8BA102D2-7D21-7833-DF69-8ACCE06642D6}"
EndProject
Project("{FAE04EC0-301F-11D3-BF4B-00C04F79EFBC}") = "Unity.2D.Sprite.Editor", "Unity.2D.Sprite.Editor.csproj", "{E06EFEA6-CF2D-F799-E7A0-B397622CD5C4}"
EndProject
Project("{FAE04EC0-301F-11D3-BF4B-00C04F79EFBC}") = "UnityEditor.UI", "UnityEditor.UI.csproj", "{90255FD0-1316-1D68-9FA0-546A17AB266D}"
EndProject
Project("{FAE04EC0-301F-11D3-BF4B-00C04F79EFBC}") = "Unity.2D.Common.Editor", "Unity.2D.Common.Editor.csproj", "{90EFE727-5C35-AADC-E406-D079640ADBF0}"
EndProject
Project("{FAE04EC0-301F-11D3-BF4B-00C04F79EFBC}") = "Unity.Mathematics.Editor", "Unity.Mathematics.Editor.csproj", "{CAED0C02-F0A9-B9FB-354C-97E366C89B5C}"
EndProject
Project("{FAE04EC0-301F-11D3-BF4B-00C04F79EFBC}") = "Unity.Services.Core.Configuration.Editor", "Unity.Services.Core.Configuration.Editor.csproj", "{29E090FF-9CF4-956F-1421-44D7335FE2EA}"
EndProject
Project("{FAE04EC0-301F-11D3-BF4B-00C04F79EFBC}") = "Unity.2D.Tilemap.Extras.Editor", "Unity.2D.Tilemap.Extras.Editor.csproj", "{761348BA-E9BF-87DD-891F-A00BDF7B4EC4}"
EndProject
Project("{FAE04EC0-301F-11D3-BF4B-00C04F79EFBC}") = "Unity.Burst.Editor", "Unity.Burst.Editor.csproj", "{38A77432-8CE8-2E55-37D7-0B2D9ECAFF63}"
EndProject
Project("{FAE04EC0-301F-11D3-BF4B-00C04F79EFBC}") = "Unity.InternalAPIEditorBridge.001", "Unity.InternalAPIEditorBridge.001.csproj", "{D1137996-15B0-9283-24DF-0A620C8851B3}"
EndProject
Project("{FAE04EC0-301F-11D3-BF4B-00C04F79EFBC}") = "Unity.VisualScripting.Shared.Editor", "Unity.VisualScripting.Shared.Editor.csproj", "{6487CF39-3028-36B5-8EBC-AE0253E2B938}"
EndProject
Project("{FAE04EC0-301F-11D3-BF4B-00C04F79EFBC}") = "UnityEngine.TestRunner", "UnityEngine.TestRunner.Player.csproj", "{17A5303A-601E-62EA-CD4A-0E56D339C2AE}"
EndProject
Project("{FAE04EC0-301F-11D3-BF4B-00C04F79EFBC}") = "UnityEngine.UI", "UnityEngine.UI.Player.csproj", "{2A1DD8E4-F382-16E2-A6C5-D5930010856E}"
EndProject
Project("{FAE04EC0-301F-11D3-BF4B-00C04F79EFBC}") = "Unity.VisualScripting.Flow", "Unity.VisualScripting.Flow.Player.csproj", "{B7368EBA-D451-718C-05A9-E2B6DF194FB8}"
EndProject
Project("{FAE04EC0-301F-11D3-BF4B-00C04F79EFBC}") = "Unity.Mathematics", "Unity.Mathematics.Player.csproj", "{94DD1F5D-3EC6-8E19-663F-B9BF4A10C9C2}"
EndProject
Project("{FAE04EC0-301F-11D3-BF4B-00C04F79EFBC}") = "Unity.Services.Core.Telemetry", "Unity.Services.Core.Telemetry.Player.csproj", "{27A9FB0D-84EC-5443-6343-0BB734E04E7A}"
EndProject
Project("{FAE04EC0-301F-11D3-BF4B-00C04F79EFBC}") = "Unity.VisualScripting.State", "Unity.VisualScripting.State.Player.csproj", "{3F7E23DE-9249-607F-9120-44F8F5736322}"
EndProject
Project("{FAE04EC0-301F-11D3-BF4B-00C04F79EFBC}") = "Unity.VisualScripting.Core", "Unity.VisualScripting.Core.Player.csproj", "{F2AB869D-5CF9-6FA8-6C26-0E2E180F528F}"
EndProject
Project("{FAE04EC0-301F-11D3-BF4B-00C04F79EFBC}") = "Unity.Services.Core.Environments.Internal", "Unity.Services.Core.Environments.Internal.Player.csproj", "{2B86F247-EF1B-32CE-C409-9D95BAC862F9}"
EndProject
Project("{FAE04EC0-301F-11D3-BF4B-00C04F79EFBC}") = "Unity.Burst", "Unity.Burst.Player.csproj", "{87B60487-3C77-100C-9490-37D1C1CCA9B8}"
EndProject
Project("{FAE04EC0-301F-11D3-BF4B-00C04F79EFBC}") = "Unity.2D.Animation.Runtime", "Unity.2D.Animation.Runtime.Player.csproj", "{15D75A2F-5F82-5ACA-51BE-7D8C17E97A9F}"
EndProject
Project("{FAE04EC0-301F-11D3-BF4B-00C04F79EFBC}") = "Unity.TextMeshPro", "Unity.TextMeshPro.Player.csproj", "{B8B20DB7-B0B7-77A0-61D2-EF265ADE3B3B}"
EndProject
Project("{FAE04EC0-301F-11D3-BF4B-00C04F79EFBC}") = "Unity.Timeline", "Unity.Timeline.Player.csproj", "{0734D6D8-F84C-5C71-E38E-347655EC5250}"
EndProject
Project("{FAE04EC0-301F-11D3-BF4B-00C04F79EFBC}") = "Unity.Services.Core", "Unity.Services.Core.Player.csproj", "{63147F13-1105-AA72-588C-9AF8F441D304}"
EndProject
Project("{FAE04EC0-301F-11D3-BF4B-00C04F79EFBC}") = "Unity.Services.Core.Environments", "Unity.Services.Core.Environments.Player.csproj", "{0153CC75-BFBE-C9D9-68F3-4917A54B969F}"
EndProject
Project("{FAE04EC0-301F-11D3-BF4B-00C04F79EFBC}") = "Unity.Services.Core.Internal", "Unity.Services.Core.Internal.Player.csproj", "{2AE92E90-2E77-334A-90F1-2C296E73B7B9}"
EndProject
Project("{FAE04EC0-301F-11D3-BF4B-00C04F79EFBC}") = "Unity.Services.Core.Analytics", "Unity.Services.Core.Analytics.Player.csproj", "{5E0B417C-982A-8DB2-F9F8-691D4B71A7F1}"
EndProject
Project("{FAE04EC0-301F-11D3-BF4B-00C04F79EFBC}") = "Unity.2D.SpriteShape.Runtime", "Unity.2D.SpriteShape.Runtime.Player.csproj", "{3E07F297-3E60-7674-441C-E1221B9ED69B}"
EndProject
Project("{FAE04EC0-301F-11D3-BF4B-00C04F79EFBC}") = "Unity.Services.Core.Scheduler", "Unity.Services.Core.Scheduler.Player.csproj", "{D237E1D1-5220-928E-8E83-0E849D84DBAD}"
EndProject
Project("{FAE04EC0-301F-11D3-BF4B-00C04F79EFBC}") = "Unity.Services.Core.Registration", "Unity.Services.Core.Registration.Player.csproj", "{3C7A05A9-70C2-61E9-215E-7FD7879C58D4}"
EndProject
Project("{FAE04EC0-301F-11D3-BF4B-00C04F79EFBC}") = "Unity.2D.PixelPerfect", "Unity.2D.PixelPerfect.Player.csproj", "{BC13D34B-89A2-2331-A211-7EECE8519997}"
EndProject
Project("{FAE04EC0-301F-11D3-BF4B-00C04F79EFBC}") = "Unity.2D.Common.Runtime", "Unity.2D.Common.Runtime.Player.csproj", "{BADC39A9-12E0-6306-246F-7C4EE1C1594D}"
EndProject
Project("{FAE04EC0-301F-11D3-BF4B-00C04F79EFBC}") = "Unity.2D.IK.Runtime", "Unity.2D.IK.Runtime.Player.csproj", "{F9D98A48-E8F9-6879-B2C0-4892F88B3B9E}"
EndProject
Project("{FAE04EC0-301F-11D3-BF4B-00C04F79EFBC}") = "Unity.Services.Core.Device", "Unity.Services.Core.Device.Player.csproj", "{6E4CBEAB-26D6-DB72-883B-7A2CE30EEE21}"
EndProject
Project("{FAE04EC0-301F-11D3-BF4B-00C04F79EFBC}") = "Unity.Services.Core.Threading", "Unity.Services.Core.Threading.Player.csproj", "{DC0E0E9F-98AA-0301-2D79-A5C14E992482}"
EndProject
Project("{FAE04EC0-301F-11D3-BF4B-00C04F79EFBC}") = "Unity.2D.Tilemap.Extras", "Unity.2D.Tilemap.Extras.Player.csproj", "{10F29DC9-1599-0C76-7D3D-CC17C8CFD1CE}"
EndProject
Project("{FAE04EC0-301F-11D3-BF4B-00C04F79EFBC}") = "Unity.Services.Core.Networking", "Unity.Services.Core.Networking.Player.csproj", "{25BC10BC-79BF-9569-C962-27CF7553650F}"
EndProject
Project("{FAE04EC0-301F-11D3-BF4B-00C04F79EFBC}") = "Unity.InternalAPIEngineBridge.001", "Unity.InternalAPIEngineBridge.001.Player.csproj", "{71996954-37B0-7F4A-3710-FC7FAD7ED9F4}"
EndProject
Project("{FAE04EC0-301F-11D3-BF4B-00C04F79EFBC}") = "Assembly-CSharp", "Assembly-CSharp.Player.csproj", "{4A16DF62-80CE-3446-8A6F-4515B46C302E}"
EndProject
Project("{FAE04EC0-301F-11D3-BF4B-00C04F79EFBC}") = "Unity.Services.Core.Configuration", "Unity.Services.Core.Configuration.Player.csproj", "{A96F0FFA-06B1-2A4E-B714-34EA7871A367}"
EndProject
Global
	GlobalSection(SolutionConfigurationPlatforms) = preSolution
		Debug|Any CPU = Debug|Any CPU
		Release|Any CPU = Release|Any CPU
	EndGlobalSection
	GlobalSection(ProjectConfigurationPlatforms) = postSolution
		{48C46574-4F3F-C97E-31FA-34EDB2DB50FA}.Debug|Any CPU.ActiveCfg = Debug|Any CPU
		{48C46574-4F3F-C97E-31FA-34EDB2DB50FA}.Debug|Any CPU.Build.0 = Debug|Any CPU
		{48C46574-4F3F-C97E-31FA-34EDB2DB50FA}.Release|Any CPU.ActiveCfg = Release|Any CPU
		{48C46574-4F3F-C97E-31FA-34EDB2DB50FA}.Release|Any CPU.Build.0 = Release|Any CPU
		{881A2B79-0B7E-6B69-55CB-F77C8D81FABE}.Debug|Any CPU.ActiveCfg = Debug|Any CPU
		{881A2B79-0B7E-6B69-55CB-F77C8D81FABE}.Debug|Any CPU.Build.0 = Debug|Any CPU
		{881A2B79-0B7E-6B69-55CB-F77C8D81FABE}.Release|Any CPU.ActiveCfg = Release|Any CPU
		{881A2B79-0B7E-6B69-55CB-F77C8D81FABE}.Release|Any CPU.Build.0 = Release|Any CPU
		{5F0E0839-FA28-5DE5-8C0D-656CF5966920}.Debug|Any CPU.ActiveCfg = Debug|Any CPU
		{5F0E0839-FA28-5DE5-8C0D-656CF5966920}.Debug|Any CPU.Build.0 = Debug|Any CPU
		{5F0E0839-FA28-5DE5-8C0D-656CF5966920}.Release|Any CPU.ActiveCfg = Release|Any CPU
		{5F0E0839-FA28-5DE5-8C0D-656CF5966920}.Release|Any CPU.Build.0 = Release|Any CPU
		{2BA82A9C-8BCE-FCC2-D463-C584F6DE65A5}.Debug|Any CPU.ActiveCfg = Debug|Any CPU
		{2BA82A9C-8BCE-FCC2-D463-C584F6DE65A5}.Debug|Any CPU.Build.0 = Debug|Any CPU
		{2BA82A9C-8BCE-FCC2-D463-C584F6DE65A5}.Release|Any CPU.ActiveCfg = Release|Any CPU
		{2BA82A9C-8BCE-FCC2-D463-C584F6DE65A5}.Release|Any CPU.Build.0 = Release|Any CPU
		{F74FB79E-CA78-C7EB-27C8-36519BE97193}.Debug|Any CPU.ActiveCfg = Debug|Any CPU
		{F74FB79E-CA78-C7EB-27C8-36519BE97193}.Debug|Any CPU.Build.0 = Debug|Any CPU
		{F74FB79E-CA78-C7EB-27C8-36519BE97193}.Release|Any CPU.ActiveCfg = Release|Any CPU
		{F74FB79E-CA78-C7EB-27C8-36519BE97193}.Release|Any CPU.Build.0 = Release|Any CPU
		{1B72EE87-E30C-D195-CD93-EBFBAAF0353A}.Debug|Any CPU.ActiveCfg = Debug|Any CPU
		{1B72EE87-E30C-D195-CD93-EBFBAAF0353A}.Debug|Any CPU.Build.0 = Debug|Any CPU
		{1B72EE87-E30C-D195-CD93-EBFBAAF0353A}.Release|Any CPU.ActiveCfg = Release|Any CPU
		{1B72EE87-E30C-D195-CD93-EBFBAAF0353A}.Release|Any CPU.Build.0 = Release|Any CPU
		{E25FF8D8-CDB9-643A-4ACB-161FC410B859}.Debug|Any CPU.ActiveCfg = Debug|Any CPU
		{E25FF8D8-CDB9-643A-4ACB-161FC410B859}.Debug|Any CPU.Build.0 = Debug|Any CPU
		{E25FF8D8-CDB9-643A-4ACB-161FC410B859}.Release|Any CPU.ActiveCfg = Release|Any CPU
		{E25FF8D8-CDB9-643A-4ACB-161FC410B859}.Release|Any CPU.Build.0 = Release|Any CPU
		{95814F07-5366-7493-9F0D-77D1A2511633}.Debug|Any CPU.ActiveCfg = Debug|Any CPU
		{95814F07-5366-7493-9F0D-77D1A2511633}.Debug|Any CPU.Build.0 = Debug|Any CPU
		{95814F07-5366-7493-9F0D-77D1A2511633}.Release|Any CPU.ActiveCfg = Release|Any CPU
		{95814F07-5366-7493-9F0D-77D1A2511633}.Release|Any CPU.Build.0 = Release|Any CPU
		{71919977-F6A1-6D41-ABD4-723E18FAB11F}.Debug|Any CPU.ActiveCfg = Debug|Any CPU
		{71919977-F6A1-6D41-ABD4-723E18FAB11F}.Debug|Any CPU.Build.0 = Debug|Any CPU
		{71919977-F6A1-6D41-ABD4-723E18FAB11F}.Release|Any CPU.ActiveCfg = Release|Any CPU
		{71919977-F6A1-6D41-ABD4-723E18FAB11F}.Release|Any CPU.Build.0 = Release|Any CPU
		{04F035E4-0D91-BD71-C0F7-F30C6BB9D7DB}.Debug|Any CPU.ActiveCfg = Debug|Any CPU
		{04F035E4-0D91-BD71-C0F7-F30C6BB9D7DB}.Debug|Any CPU.Build.0 = Debug|Any CPU
		{04F035E4-0D91-BD71-C0F7-F30C6BB9D7DB}.Release|Any CPU.ActiveCfg = Release|Any CPU
		{04F035E4-0D91-BD71-C0F7-F30C6BB9D7DB}.Release|Any CPU.Build.0 = Release|Any CPU
		{59F329C9-5BDD-8DE9-6489-74C132CE7A6A}.Debug|Any CPU.ActiveCfg = Debug|Any CPU
		{59F329C9-5BDD-8DE9-6489-74C132CE7A6A}.Debug|Any CPU.Build.0 = Debug|Any CPU
		{59F329C9-5BDD-8DE9-6489-74C132CE7A6A}.Release|Any CPU.ActiveCfg = Release|Any CPU
		{59F329C9-5BDD-8DE9-6489-74C132CE7A6A}.Release|Any CPU.Build.0 = Release|Any CPU
		{16F6233F-8A8C-D35F-0988-C7E14820BA68}.Debug|Any CPU.ActiveCfg = Debug|Any CPU
		{16F6233F-8A8C-D35F-0988-C7E14820BA68}.Debug|Any CPU.Build.0 = Debug|Any CPU
		{16F6233F-8A8C-D35F-0988-C7E14820BA68}.Release|Any CPU.ActiveCfg = Release|Any CPU
		{16F6233F-8A8C-D35F-0988-C7E14820BA68}.Release|Any CPU.Build.0 = Release|Any CPU
		{4C05E9BD-DC01-931E-6F62-67E970FCB6A3}.Debug|Any CPU.ActiveCfg = Debug|Any CPU
		{4C05E9BD-DC01-931E-6F62-67E970FCB6A3}.Debug|Any CPU.Build.0 = Debug|Any CPU
		{4C05E9BD-DC01-931E-6F62-67E970FCB6A3}.Release|Any CPU.ActiveCfg = Release|Any CPU
		{4C05E9BD-DC01-931E-6F62-67E970FCB6A3}.Release|Any CPU.Build.0 = Release|Any CPU
		{90439803-809B-E219-E0F6-1AE86BBEE445}.Debug|Any CPU.ActiveCfg = Debug|Any CPU
		{90439803-809B-E219-E0F6-1AE86BBEE445}.Debug|Any CPU.Build.0 = Debug|Any CPU
		{90439803-809B-E219-E0F6-1AE86BBEE445}.Release|Any CPU.ActiveCfg = Release|Any CPU
		{90439803-809B-E219-E0F6-1AE86BBEE445}.Release|Any CPU.Build.0 = Release|Any CPU
		{1CFC03CC-C04B-7A97-AEA9-58368A39D2E4}.Debug|Any CPU.ActiveCfg = Debug|Any CPU
		{1CFC03CC-C04B-7A97-AEA9-58368A39D2E4}.Debug|Any CPU.Build.0 = Debug|Any CPU
		{1CFC03CC-C04B-7A97-AEA9-58368A39D2E4}.Release|Any CPU.ActiveCfg = Release|Any CPU
		{1CFC03CC-C04B-7A97-AEA9-58368A39D2E4}.Release|Any CPU.Build.0 = Release|Any CPU
		{8EF63034-3974-D072-83CE-5190D63C2CAB}.Debug|Any CPU.ActiveCfg = Debug|Any CPU
		{8EF63034-3974-D072-83CE-5190D63C2CAB}.Debug|Any CPU.Build.0 = Debug|Any CPU
		{8EF63034-3974-D072-83CE-5190D63C2CAB}.Release|Any CPU.ActiveCfg = Release|Any CPU
		{8EF63034-3974-D072-83CE-5190D63C2CAB}.Release|Any CPU.Build.0 = Release|Any CPU
		{EFAE7B99-EA7D-CA84-91F8-64F6B59594CF}.Debug|Any CPU.ActiveCfg = Debug|Any CPU
		{EFAE7B99-EA7D-CA84-91F8-64F6B59594CF}.Debug|Any CPU.Build.0 = Debug|Any CPU
		{EFAE7B99-EA7D-CA84-91F8-64F6B59594CF}.Release|Any CPU.ActiveCfg = Release|Any CPU
		{EFAE7B99-EA7D-CA84-91F8-64F6B59594CF}.Release|Any CPU.Build.0 = Release|Any CPU
		{742D4EAF-5CA9-859A-4E71-6D63A39756BC}.Debug|Any CPU.ActiveCfg = Debug|Any CPU
		{742D4EAF-5CA9-859A-4E71-6D63A39756BC}.Debug|Any CPU.Build.0 = Debug|Any CPU
		{742D4EAF-5CA9-859A-4E71-6D63A39756BC}.Release|Any CPU.ActiveCfg = Release|Any CPU
		{742D4EAF-5CA9-859A-4E71-6D63A39756BC}.Release|Any CPU.Build.0 = Release|Any CPU
		{2C521C0A-3747-D092-1936-7628A098F26A}.Debug|Any CPU.ActiveCfg = Debug|Any CPU
		{2C521C0A-3747-D092-1936-7628A098F26A}.Debug|Any CPU.Build.0 = Debug|Any CPU
		{2C521C0A-3747-D092-1936-7628A098F26A}.Release|Any CPU.ActiveCfg = Release|Any CPU
		{2C521C0A-3747-D092-1936-7628A098F26A}.Release|Any CPU.Build.0 = Release|Any CPU
		{466F7701-CEF9-0D45-D342-24EAF5655255}.Debug|Any CPU.ActiveCfg = Debug|Any CPU
		{466F7701-CEF9-0D45-D342-24EAF5655255}.Debug|Any CPU.Build.0 = Debug|Any CPU
		{466F7701-CEF9-0D45-D342-24EAF5655255}.Release|Any CPU.ActiveCfg = Release|Any CPU
		{466F7701-CEF9-0D45-D342-24EAF5655255}.Release|Any CPU.Build.0 = Release|Any CPU
		{E29AB53D-BC6F-8B42-F12A-793B803EF9AD}.Debug|Any CPU.ActiveCfg = Debug|Any CPU
		{E29AB53D-BC6F-8B42-F12A-793B803EF9AD}.Debug|Any CPU.Build.0 = Debug|Any CPU
		{E29AB53D-BC6F-8B42-F12A-793B803EF9AD}.Release|Any CPU.ActiveCfg = Release|Any CPU
		{E29AB53D-BC6F-8B42-F12A-793B803EF9AD}.Release|Any CPU.Build.0 = Release|Any CPU
		{704E431F-CC8D-9578-44A7-7A1D8244783C}.Debug|Any CPU.ActiveCfg = Debug|Any CPU
		{704E431F-CC8D-9578-44A7-7A1D8244783C}.Debug|Any CPU.Build.0 = Debug|Any CPU
		{704E431F-CC8D-9578-44A7-7A1D8244783C}.Release|Any CPU.ActiveCfg = Release|Any CPU
		{704E431F-CC8D-9578-44A7-7A1D8244783C}.Release|Any CPU.Build.0 = Release|Any CPU
		{C40E4B7A-B1E0-7E11-3A16-868B9A21F8AE}.Debug|Any CPU.ActiveCfg = Debug|Any CPU
		{C40E4B7A-B1E0-7E11-3A16-868B9A21F8AE}.Debug|Any CPU.Build.0 = Debug|Any CPU
		{C40E4B7A-B1E0-7E11-3A16-868B9A21F8AE}.Release|Any CPU.ActiveCfg = Release|Any CPU
		{C40E4B7A-B1E0-7E11-3A16-868B9A21F8AE}.Release|Any CPU.Build.0 = Release|Any CPU
		{FB3DF9D6-4F1B-6347-AB32-72CD4E605B38}.Debug|Any CPU.ActiveCfg = Debug|Any CPU
		{FB3DF9D6-4F1B-6347-AB32-72CD4E605B38}.Debug|Any CPU.Build.0 = Debug|Any CPU
		{FB3DF9D6-4F1B-6347-AB32-72CD4E605B38}.Release|Any CPU.ActiveCfg = Release|Any CPU
		{FB3DF9D6-4F1B-6347-AB32-72CD4E605B38}.Release|Any CPU.Build.0 = Release|Any CPU
		{9861416D-8AB8-415D-F0FB-0483348D505D}.Debug|Any CPU.ActiveCfg = Debug|Any CPU
		{9861416D-8AB8-415D-F0FB-0483348D505D}.Debug|Any CPU.Build.0 = Debug|Any CPU
		{9861416D-8AB8-415D-F0FB-0483348D505D}.Release|Any CPU.ActiveCfg = Release|Any CPU
		{9861416D-8AB8-415D-F0FB-0483348D505D}.Release|Any CPU.Build.0 = Release|Any CPU
		{7C09083E-49D6-4533-5089-2BEC5883DBC3}.Debug|Any CPU.ActiveCfg = Debug|Any CPU
		{7C09083E-49D6-4533-5089-2BEC5883DBC3}.Debug|Any CPU.Build.0 = Debug|Any CPU
		{7C09083E-49D6-4533-5089-2BEC5883DBC3}.Release|Any CPU.ActiveCfg = Release|Any CPU
		{7C09083E-49D6-4533-5089-2BEC5883DBC3}.Release|Any CPU.Build.0 = Release|Any CPU
		{972754BA-ADA7-CCC3-5EAD-8AADAA091470}.Debug|Any CPU.ActiveCfg = Debug|Any CPU
		{972754BA-ADA7-CCC3-5EAD-8AADAA091470}.Debug|Any CPU.Build.0 = Debug|Any CPU
		{972754BA-ADA7-CCC3-5EAD-8AADAA091470}.Release|Any CPU.ActiveCfg = Release|Any CPU
		{972754BA-ADA7-CCC3-5EAD-8AADAA091470}.Release|Any CPU.Build.0 = Release|Any CPU
		{A78F0D0A-AC9C-D8DF-6313-F87ADA790BD8}.Debug|Any CPU.ActiveCfg = Debug|Any CPU
		{A78F0D0A-AC9C-D8DF-6313-F87ADA790BD8}.Debug|Any CPU.Build.0 = Debug|Any CPU
		{A78F0D0A-AC9C-D8DF-6313-F87ADA790BD8}.Release|Any CPU.ActiveCfg = Release|Any CPU
		{A78F0D0A-AC9C-D8DF-6313-F87ADA790BD8}.Release|Any CPU.Build.0 = Release|Any CPU
		{0CBD641F-CA25-2C02-0BAC-56ECEB30FA64}.Debug|Any CPU.ActiveCfg = Debug|Any CPU
		{0CBD641F-CA25-2C02-0BAC-56ECEB30FA64}.Debug|Any CPU.Build.0 = Debug|Any CPU
		{0CBD641F-CA25-2C02-0BAC-56ECEB30FA64}.Release|Any CPU.ActiveCfg = Release|Any CPU
		{0CBD641F-CA25-2C02-0BAC-56ECEB30FA64}.Release|Any CPU.Build.0 = Release|Any CPU
		{3BD40369-B3F8-CD35-EC3E-639F1A2EA1A9}.Debug|Any CPU.ActiveCfg = Debug|Any CPU
		{3BD40369-B3F8-CD35-EC3E-639F1A2EA1A9}.Debug|Any CPU.Build.0 = Debug|Any CPU
		{3BD40369-B3F8-CD35-EC3E-639F1A2EA1A9}.Release|Any CPU.ActiveCfg = Release|Any CPU
		{3BD40369-B3F8-CD35-EC3E-639F1A2EA1A9}.Release|Any CPU.Build.0 = Release|Any CPU
		{F278E45B-0683-1E04-4072-E515AB8C5F99}.Debug|Any CPU.ActiveCfg = Debug|Any CPU
		{F278E45B-0683-1E04-4072-E515AB8C5F99}.Debug|Any CPU.Build.0 = Debug|Any CPU
		{F278E45B-0683-1E04-4072-E515AB8C5F99}.Release|Any CPU.ActiveCfg = Release|Any CPU
		{F278E45B-0683-1E04-4072-E515AB8C5F99}.Release|Any CPU.Build.0 = Release|Any CPU
		{EF788498-9F60-A8DE-BEE3-567F7C1C7967}.Debug|Any CPU.ActiveCfg = Debug|Any CPU
		{EF788498-9F60-A8DE-BEE3-567F7C1C7967}.Debug|Any CPU.Build.0 = Debug|Any CPU
		{EF788498-9F60-A8DE-BEE3-567F7C1C7967}.Release|Any CPU.ActiveCfg = Release|Any CPU
		{EF788498-9F60-A8DE-BEE3-567F7C1C7967}.Release|Any CPU.Build.0 = Release|Any CPU
		{A8E57372-ABEA-33E8-51A2-0EB5D608D69D}.Debug|Any CPU.ActiveCfg = Debug|Any CPU
		{A8E57372-ABEA-33E8-51A2-0EB5D608D69D}.Debug|Any CPU.Build.0 = Debug|Any CPU
		{A8E57372-ABEA-33E8-51A2-0EB5D608D69D}.Release|Any CPU.ActiveCfg = Release|Any CPU
		{A8E57372-ABEA-33E8-51A2-0EB5D608D69D}.Release|Any CPU.Build.0 = Release|Any CPU
		{86261A39-979F-0101-7E19-FAEDC474E11E}.Debug|Any CPU.ActiveCfg = Debug|Any CPU
		{86261A39-979F-0101-7E19-FAEDC474E11E}.Debug|Any CPU.Build.0 = Debug|Any CPU
		{86261A39-979F-0101-7E19-FAEDC474E11E}.Release|Any CPU.ActiveCfg = Release|Any CPU
		{86261A39-979F-0101-7E19-FAEDC474E11E}.Release|Any CPU.Build.0 = Release|Any CPU
		{3C1FC19C-A0AE-59CE-F87F-013AC9DD2419}.Debug|Any CPU.ActiveCfg = Debug|Any CPU
		{3C1FC19C-A0AE-59CE-F87F-013AC9DD2419}.Debug|Any CPU.Build.0 = Debug|Any CPU
		{3C1FC19C-A0AE-59CE-F87F-013AC9DD2419}.Release|Any CPU.ActiveCfg = Release|Any CPU
		{3C1FC19C-A0AE-59CE-F87F-013AC9DD2419}.Release|Any CPU.Build.0 = Release|Any CPU
		{BE435217-8E61-EEC1-C5A6-B7ABE9E00687}.Debug|Any CPU.ActiveCfg = Debug|Any CPU
		{BE435217-8E61-EEC1-C5A6-B7ABE9E00687}.Debug|Any CPU.Build.0 = Debug|Any CPU
		{BE435217-8E61-EEC1-C5A6-B7ABE9E00687}.Release|Any CPU.ActiveCfg = Release|Any CPU
		{BE435217-8E61-EEC1-C5A6-B7ABE9E00687}.Release|Any CPU.Build.0 = Release|Any CPU
		{2934B354-50B2-3EE1-1814-A76B541D424A}.Debug|Any CPU.ActiveCfg = Debug|Any CPU
		{2934B354-50B2-3EE1-1814-A76B541D424A}.Debug|Any CPU.Build.0 = Debug|Any CPU
		{2934B354-50B2-3EE1-1814-A76B541D424A}.Release|Any CPU.ActiveCfg = Release|Any CPU
		{2934B354-50B2-3EE1-1814-A76B541D424A}.Release|Any CPU.Build.0 = Release|Any CPU
		{DBCFBDCF-A72B-9E30-BA35-548BCC472C4E}.Debug|Any CPU.ActiveCfg = Debug|Any CPU
		{DBCFBDCF-A72B-9E30-BA35-548BCC472C4E}.Debug|Any CPU.Build.0 = Debug|Any CPU
		{DBCFBDCF-A72B-9E30-BA35-548BCC472C4E}.Release|Any CPU.ActiveCfg = Release|Any CPU
		{DBCFBDCF-A72B-9E30-BA35-548BCC472C4E}.Release|Any CPU.Build.0 = Release|Any CPU
		{E9A125D4-981D-66E7-5BF0-2D0C55F065AA}.Debug|Any CPU.ActiveCfg = Debug|Any CPU
		{E9A125D4-981D-66E7-5BF0-2D0C55F065AA}.Debug|Any CPU.Build.0 = Debug|Any CPU
		{E9A125D4-981D-66E7-5BF0-2D0C55F065AA}.Release|Any CPU.ActiveCfg = Release|Any CPU
		{E9A125D4-981D-66E7-5BF0-2D0C55F065AA}.Release|Any CPU.Build.0 = Release|Any CPU
		{2D4B6EE9-0E4A-769E-A4C7-98EFDD6859AC}.Debug|Any CPU.ActiveCfg = Debug|Any CPU
		{2D4B6EE9-0E4A-769E-A4C7-98EFDD6859AC}.Debug|Any CPU.Build.0 = Debug|Any CPU
		{2D4B6EE9-0E4A-769E-A4C7-98EFDD6859AC}.Release|Any CPU.ActiveCfg = Release|Any CPU
		{2D4B6EE9-0E4A-769E-A4C7-98EFDD6859AC}.Release|Any CPU.Build.0 = Release|Any CPU
		{45DB7AA1-DB1C-03AC-DFFA-4B798DDF9E56}.Debug|Any CPU.ActiveCfg = Debug|Any CPU
		{45DB7AA1-DB1C-03AC-DFFA-4B798DDF9E56}.Debug|Any CPU.Build.0 = Debug|Any CPU
		{45DB7AA1-DB1C-03AC-DFFA-4B798DDF9E56}.Release|Any CPU.ActiveCfg = Release|Any CPU
		{45DB7AA1-DB1C-03AC-DFFA-4B798DDF9E56}.Release|Any CPU.Build.0 = Release|Any CPU
		{734D0F3D-4D53-0B44-AB51-C9EBE4A4C17F}.Debug|Any CPU.ActiveCfg = Debug|Any CPU
		{734D0F3D-4D53-0B44-AB51-C9EBE4A4C17F}.Debug|Any CPU.Build.0 = Debug|Any CPU
		{734D0F3D-4D53-0B44-AB51-C9EBE4A4C17F}.Release|Any CPU.ActiveCfg = Release|Any CPU
		{734D0F3D-4D53-0B44-AB51-C9EBE4A4C17F}.Release|Any CPU.Build.0 = Release|Any CPU
		{964D0589-3D54-DC34-3799-9129C5AEBD6E}.Debug|Any CPU.ActiveCfg = Debug|Any CPU
		{964D0589-3D54-DC34-3799-9129C5AEBD6E}.Debug|Any CPU.Build.0 = Debug|Any CPU
		{964D0589-3D54-DC34-3799-9129C5AEBD6E}.Release|Any CPU.ActiveCfg = Release|Any CPU
		{964D0589-3D54-DC34-3799-9129C5AEBD6E}.Release|Any CPU.Build.0 = Release|Any CPU
		{F9E147BF-31A0-AD60-900F-AEACB29D71AA}.Debug|Any CPU.ActiveCfg = Debug|Any CPU
		{F9E147BF-31A0-AD60-900F-AEACB29D71AA}.Debug|Any CPU.Build.0 = Debug|Any CPU
		{F9E147BF-31A0-AD60-900F-AEACB29D71AA}.Release|Any CPU.ActiveCfg = Release|Any CPU
		{F9E147BF-31A0-AD60-900F-AEACB29D71AA}.Release|Any CPU.Build.0 = Release|Any CPU
		{97722B13-9CA8-8096-21CF-F2FACB0C0258}.Debug|Any CPU.ActiveCfg = Debug|Any CPU
		{97722B13-9CA8-8096-21CF-F2FACB0C0258}.Debug|Any CPU.Build.0 = Debug|Any CPU
		{97722B13-9CA8-8096-21CF-F2FACB0C0258}.Release|Any CPU.ActiveCfg = Release|Any CPU
		{97722B13-9CA8-8096-21CF-F2FACB0C0258}.Release|Any CPU.Build.0 = Release|Any CPU
		{C7FA4C59-F8D7-2D25-59FB-8F5871B7FEFE}.Debug|Any CPU.ActiveCfg = Debug|Any CPU
		{C7FA4C59-F8D7-2D25-59FB-8F5871B7FEFE}.Debug|Any CPU.Build.0 = Debug|Any CPU
		{C7FA4C59-F8D7-2D25-59FB-8F5871B7FEFE}.Release|Any CPU.ActiveCfg = Release|Any CPU
		{C7FA4C59-F8D7-2D25-59FB-8F5871B7FEFE}.Release|Any CPU.Build.0 = Release|Any CPU
		{F7B42DD6-8261-954A-80F8-B56B6E200269}.Debug|Any CPU.ActiveCfg = Debug|Any CPU
		{F7B42DD6-8261-954A-80F8-B56B6E200269}.Debug|Any CPU.Build.0 = Debug|Any CPU
		{F7B42DD6-8261-954A-80F8-B56B6E200269}.Release|Any CPU.ActiveCfg = Release|Any CPU
		{F7B42DD6-8261-954A-80F8-B56B6E200269}.Release|Any CPU.Build.0 = Release|Any CPU
		{ED1EB02C-7D62-6D41-682F-007621C7E2AB}.Debug|Any CPU.ActiveCfg = Debug|Any CPU
		{ED1EB02C-7D62-6D41-682F-007621C7E2AB}.Debug|Any CPU.Build.0 = Debug|Any CPU
		{ED1EB02C-7D62-6D41-682F-007621C7E2AB}.Release|Any CPU.ActiveCfg = Release|Any CPU
		{ED1EB02C-7D62-6D41-682F-007621C7E2AB}.Release|Any CPU.Build.0 = Release|Any CPU
		{BACF374B-3E81-2399-9A00-58BBC26472FF}.Debug|Any CPU.ActiveCfg = Debug|Any CPU
		{BACF374B-3E81-2399-9A00-58BBC26472FF}.Debug|Any CPU.Build.0 = Debug|Any CPU
		{BACF374B-3E81-2399-9A00-58BBC26472FF}.Release|Any CPU.ActiveCfg = Release|Any CPU
		{BACF374B-3E81-2399-9A00-58BBC26472FF}.Release|Any CPU.Build.0 = Release|Any CPU
		{7620609A-FB01-B343-0194-3713167AE4BD}.Debug|Any CPU.ActiveCfg = Debug|Any CPU
		{7620609A-FB01-B343-0194-3713167AE4BD}.Debug|Any CPU.Build.0 = Debug|Any CPU
		{7620609A-FB01-B343-0194-3713167AE4BD}.Release|Any CPU.ActiveCfg = Release|Any CPU
		{7620609A-FB01-B343-0194-3713167AE4BD}.Release|Any CPU.Build.0 = Release|Any CPU
		{8BA102D2-7D21-7833-DF69-8ACCE06642D6}.Debug|Any CPU.ActiveCfg = Debug|Any CPU
		{8BA102D2-7D21-7833-DF69-8ACCE06642D6}.Debug|Any CPU.Build.0 = Debug|Any CPU
		{8BA102D2-7D21-7833-DF69-8ACCE06642D6}.Release|Any CPU.ActiveCfg = Release|Any CPU
		{8BA102D2-7D21-7833-DF69-8ACCE06642D6}.Release|Any CPU.Build.0 = Release|Any CPU
		{E06EFEA6-CF2D-F799-E7A0-B397622CD5C4}.Debug|Any CPU.ActiveCfg = Debug|Any CPU
		{E06EFEA6-CF2D-F799-E7A0-B397622CD5C4}.Debug|Any CPU.Build.0 = Debug|Any CPU
		{E06EFEA6-CF2D-F799-E7A0-B397622CD5C4}.Release|Any CPU.ActiveCfg = Release|Any CPU
		{E06EFEA6-CF2D-F799-E7A0-B397622CD5C4}.Release|Any CPU.Build.0 = Release|Any CPU
		{90255FD0-1316-1D68-9FA0-546A17AB266D}.Debug|Any CPU.ActiveCfg = Debug|Any CPU
		{90255FD0-1316-1D68-9FA0-546A17AB266D}.Debug|Any CPU.Build.0 = Debug|Any CPU
		{90255FD0-1316-1D68-9FA0-546A17AB266D}.Release|Any CPU.ActiveCfg = Release|Any CPU
		{90255FD0-1316-1D68-9FA0-546A17AB266D}.Release|Any CPU.Build.0 = Release|Any CPU
		{90EFE727-5C35-AADC-E406-D079640ADBF0}.Debug|Any CPU.ActiveCfg = Debug|Any CPU
		{90EFE727-5C35-AADC-E406-D079640ADBF0}.Debug|Any CPU.Build.0 = Debug|Any CPU
		{90EFE727-5C35-AADC-E406-D079640ADBF0}.Release|Any CPU.ActiveCfg = Release|Any CPU
		{90EFE727-5C35-AADC-E406-D079640ADBF0}.Release|Any CPU.Build.0 = Release|Any CPU
		{CAED0C02-F0A9-B9FB-354C-97E366C89B5C}.Debug|Any CPU.ActiveCfg = Debug|Any CPU
		{CAED0C02-F0A9-B9FB-354C-97E366C89B5C}.Debug|Any CPU.Build.0 = Debug|Any CPU
		{CAED0C02-F0A9-B9FB-354C-97E366C89B5C}.Release|Any CPU.ActiveCfg = Release|Any CPU
		{CAED0C02-F0A9-B9FB-354C-97E366C89B5C}.Release|Any CPU.Build.0 = Release|Any CPU
		{29E090FF-9CF4-956F-1421-44D7335FE2EA}.Debug|Any CPU.ActiveCfg = Debug|Any CPU
		{29E090FF-9CF4-956F-1421-44D7335FE2EA}.Debug|Any CPU.Build.0 = Debug|Any CPU
		{29E090FF-9CF4-956F-1421-44D7335FE2EA}.Release|Any CPU.ActiveCfg = Release|Any CPU
		{29E090FF-9CF4-956F-1421-44D7335FE2EA}.Release|Any CPU.Build.0 = Release|Any CPU
		{761348BA-E9BF-87DD-891F-A00BDF7B4EC4}.Debug|Any CPU.ActiveCfg = Debug|Any CPU
		{761348BA-E9BF-87DD-891F-A00BDF7B4EC4}.Debug|Any CPU.Build.0 = Debug|Any CPU
		{761348BA-E9BF-87DD-891F-A00BDF7B4EC4}.Release|Any CPU.ActiveCfg = Release|Any CPU
		{761348BA-E9BF-87DD-891F-A00BDF7B4EC4}.Release|Any CPU.Build.0 = Release|Any CPU
		{38A77432-8CE8-2E55-37D7-0B2D9ECAFF63}.Debug|Any CPU.ActiveCfg = Debug|Any CPU
		{38A77432-8CE8-2E55-37D7-0B2D9ECAFF63}.Debug|Any CPU.Build.0 = Debug|Any CPU
		{38A77432-8CE8-2E55-37D7-0B2D9ECAFF63}.Release|Any CPU.ActiveCfg = Release|Any CPU
		{38A77432-8CE8-2E55-37D7-0B2D9ECAFF63}.Release|Any CPU.Build.0 = Release|Any CPU
		{D1137996-15B0-9283-24DF-0A620C8851B3}.Debug|Any CPU.ActiveCfg = Debug|Any CPU
		{D1137996-15B0-9283-24DF-0A620C8851B3}.Debug|Any CPU.Build.0 = Debug|Any CPU
		{D1137996-15B0-9283-24DF-0A620C8851B3}.Release|Any CPU.ActiveCfg = Release|Any CPU
		{D1137996-15B0-9283-24DF-0A620C8851B3}.Release|Any CPU.Build.0 = Release|Any CPU
		{6487CF39-3028-36B5-8EBC-AE0253E2B938}.Debug|Any CPU.ActiveCfg = Debug|Any CPU
		{6487CF39-3028-36B5-8EBC-AE0253E2B938}.Debug|Any CPU.Build.0 = Debug|Any CPU
		{6487CF39-3028-36B5-8EBC-AE0253E2B938}.Release|Any CPU.ActiveCfg = Release|Any CPU
		{6487CF39-3028-36B5-8EBC-AE0253E2B938}.Release|Any CPU.Build.0 = Release|Any CPU
		{17A5303A-601E-62EA-CD4A-0E56D339C2AE}.Debug|Any CPU.ActiveCfg = Debug|Any CPU
		{17A5303A-601E-62EA-CD4A-0E56D339C2AE}.Debug|Any CPU.Build.0 = Debug|Any CPU
		{17A5303A-601E-62EA-CD4A-0E56D339C2AE}.Release|Any CPU.ActiveCfg = Release|Any CPU
		{17A5303A-601E-62EA-CD4A-0E56D339C2AE}.Release|Any CPU.Build.0 = Release|Any CPU
		{2A1DD8E4-F382-16E2-A6C5-D5930010856E}.Debug|Any CPU.ActiveCfg = Debug|Any CPU
		{2A1DD8E4-F382-16E2-A6C5-D5930010856E}.Debug|Any CPU.Build.0 = Debug|Any CPU
		{2A1DD8E4-F382-16E2-A6C5-D5930010856E}.Release|Any CPU.ActiveCfg = Release|Any CPU
		{2A1DD8E4-F382-16E2-A6C5-D5930010856E}.Release|Any CPU.Build.0 = Release|Any CPU
		{B7368EBA-D451-718C-05A9-E2B6DF194FB8}.Debug|Any CPU.ActiveCfg = Debug|Any CPU
		{B7368EBA-D451-718C-05A9-E2B6DF194FB8}.Debug|Any CPU.Build.0 = Debug|Any CPU
		{B7368EBA-D451-718C-05A9-E2B6DF194FB8}.Release|Any CPU.ActiveCfg = Release|Any CPU
		{B7368EBA-D451-718C-05A9-E2B6DF194FB8}.Release|Any CPU.Build.0 = Release|Any CPU
		{94DD1F5D-3EC6-8E19-663F-B9BF4A10C9C2}.Debug|Any CPU.ActiveCfg = Debug|Any CPU
		{94DD1F5D-3EC6-8E19-663F-B9BF4A10C9C2}.Debug|Any CPU.Build.0 = Debug|Any CPU
		{94DD1F5D-3EC6-8E19-663F-B9BF4A10C9C2}.Release|Any CPU.ActiveCfg = Release|Any CPU
		{94DD1F5D-3EC6-8E19-663F-B9BF4A10C9C2}.Release|Any CPU.Build.0 = Release|Any CPU
		{27A9FB0D-84EC-5443-6343-0BB734E04E7A}.Debug|Any CPU.ActiveCfg = Debug|Any CPU
		{27A9FB0D-84EC-5443-6343-0BB734E04E7A}.Debug|Any CPU.Build.0 = Debug|Any CPU
		{27A9FB0D-84EC-5443-6343-0BB734E04E7A}.Release|Any CPU.ActiveCfg = Release|Any CPU
		{27A9FB0D-84EC-5443-6343-0BB734E04E7A}.Release|Any CPU.Build.0 = Release|Any CPU
		{3F7E23DE-9249-607F-9120-44F8F5736322}.Debug|Any CPU.ActiveCfg = Debug|Any CPU
		{3F7E23DE-9249-607F-9120-44F8F5736322}.Debug|Any CPU.Build.0 = Debug|Any CPU
		{3F7E23DE-9249-607F-9120-44F8F5736322}.Release|Any CPU.ActiveCfg = Release|Any CPU
		{3F7E23DE-9249-607F-9120-44F8F5736322}.Release|Any CPU.Build.0 = Release|Any CPU
		{F2AB869D-5CF9-6FA8-6C26-0E2E180F528F}.Debug|Any CPU.ActiveCfg = Debug|Any CPU
		{F2AB869D-5CF9-6FA8-6C26-0E2E180F528F}.Debug|Any CPU.Build.0 = Debug|Any CPU
		{F2AB869D-5CF9-6FA8-6C26-0E2E180F528F}.Release|Any CPU.ActiveCfg = Release|Any CPU
		{F2AB869D-5CF9-6FA8-6C26-0E2E180F528F}.Release|Any CPU.Build.0 = Release|Any CPU
		{2B86F247-EF1B-32CE-C409-9D95BAC862F9}.Debug|Any CPU.ActiveCfg = Debug|Any CPU
		{2B86F247-EF1B-32CE-C409-9D95BAC862F9}.Debug|Any CPU.Build.0 = Debug|Any CPU
		{2B86F247-EF1B-32CE-C409-9D95BAC862F9}.Release|Any CPU.ActiveCfg = Release|Any CPU
		{2B86F247-EF1B-32CE-C409-9D95BAC862F9}.Release|Any CPU.Build.0 = Release|Any CPU
		{87B60487-3C77-100C-9490-37D1C1CCA9B8}.Debug|Any CPU.ActiveCfg = Debug|Any CPU
		{87B60487-3C77-100C-9490-37D1C1CCA9B8}.Debug|Any CPU.Build.0 = Debug|Any CPU
		{87B60487-3C77-100C-9490-37D1C1CCA9B8}.Release|Any CPU.ActiveCfg = Release|Any CPU
		{87B60487-3C77-100C-9490-37D1C1CCA9B8}.Release|Any CPU.Build.0 = Release|Any CPU
		{15D75A2F-5F82-5ACA-51BE-7D8C17E97A9F}.Debug|Any CPU.ActiveCfg = Debug|Any CPU
		{15D75A2F-5F82-5ACA-51BE-7D8C17E97A9F}.Debug|Any CPU.Build.0 = Debug|Any CPU
		{15D75A2F-5F82-5ACA-51BE-7D8C17E97A9F}.Release|Any CPU.ActiveCfg = Release|Any CPU
		{15D75A2F-5F82-5ACA-51BE-7D8C17E97A9F}.Release|Any CPU.Build.0 = Release|Any CPU
		{B8B20DB7-B0B7-77A0-61D2-EF265ADE3B3B}.Debug|Any CPU.ActiveCfg = Debug|Any CPU
		{B8B20DB7-B0B7-77A0-61D2-EF265ADE3B3B}.Debug|Any CPU.Build.0 = Debug|Any CPU
		{B8B20DB7-B0B7-77A0-61D2-EF265ADE3B3B}.Release|Any CPU.ActiveCfg = Release|Any CPU
		{B8B20DB7-B0B7-77A0-61D2-EF265ADE3B3B}.Release|Any CPU.Build.0 = Release|Any CPU
		{0734D6D8-F84C-5C71-E38E-347655EC5250}.Debug|Any CPU.ActiveCfg = Debug|Any CPU
		{0734D6D8-F84C-5C71-E38E-347655EC5250}.Debug|Any CPU.Build.0 = Debug|Any CPU
		{0734D6D8-F84C-5C71-E38E-347655EC5250}.Release|Any CPU.ActiveCfg = Release|Any CPU
		{0734D6D8-F84C-5C71-E38E-347655EC5250}.Release|Any CPU.Build.0 = Release|Any CPU
		{63147F13-1105-AA72-588C-9AF8F441D304}.Debug|Any CPU.ActiveCfg = Debug|Any CPU
		{63147F13-1105-AA72-588C-9AF8F441D304}.Debug|Any CPU.Build.0 = Debug|Any CPU
		{63147F13-1105-AA72-588C-9AF8F441D304}.Release|Any CPU.ActiveCfg = Release|Any CPU
		{63147F13-1105-AA72-588C-9AF8F441D304}.Release|Any CPU.Build.0 = Release|Any CPU
		{0153CC75-BFBE-C9D9-68F3-4917A54B969F}.Debug|Any CPU.ActiveCfg = Debug|Any CPU
		{0153CC75-BFBE-C9D9-68F3-4917A54B969F}.Debug|Any CPU.Build.0 = Debug|Any CPU
		{0153CC75-BFBE-C9D9-68F3-4917A54B969F}.Release|Any CPU.ActiveCfg = Release|Any CPU
		{0153CC75-BFBE-C9D9-68F3-4917A54B969F}.Release|Any CPU.Build.0 = Release|Any CPU
		{2AE92E90-2E77-334A-90F1-2C296E73B7B9}.Debug|Any CPU.ActiveCfg = Debug|Any CPU
		{2AE92E90-2E77-334A-90F1-2C296E73B7B9}.Debug|Any CPU.Build.0 = Debug|Any CPU
		{2AE92E90-2E77-334A-90F1-2C296E73B7B9}.Release|Any CPU.ActiveCfg = Release|Any CPU
		{2AE92E90-2E77-334A-90F1-2C296E73B7B9}.Release|Any CPU.Build.0 = Release|Any CPU
		{5E0B417C-982A-8DB2-F9F8-691D4B71A7F1}.Debug|Any CPU.ActiveCfg = Debug|Any CPU
		{5E0B417C-982A-8DB2-F9F8-691D4B71A7F1}.Debug|Any CPU.Build.0 = Debug|Any CPU
		{5E0B417C-982A-8DB2-F9F8-691D4B71A7F1}.Release|Any CPU.ActiveCfg = Release|Any CPU
		{5E0B417C-982A-8DB2-F9F8-691D4B71A7F1}.Release|Any CPU.Build.0 = Release|Any CPU
		{3E07F297-3E60-7674-441C-E1221B9ED69B}.Debug|Any CPU.ActiveCfg = Debug|Any CPU
		{3E07F297-3E60-7674-441C-E1221B9ED69B}.Debug|Any CPU.Build.0 = Debug|Any CPU
		{3E07F297-3E60-7674-441C-E1221B9ED69B}.Release|Any CPU.ActiveCfg = Release|Any CPU
		{3E07F297-3E60-7674-441C-E1221B9ED69B}.Release|Any CPU.Build.0 = Release|Any CPU
		{D237E1D1-5220-928E-8E83-0E849D84DBAD}.Debug|Any CPU.ActiveCfg = Debug|Any CPU
		{D237E1D1-5220-928E-8E83-0E849D84DBAD}.Debug|Any CPU.Build.0 = Debug|Any CPU
		{D237E1D1-5220-928E-8E83-0E849D84DBAD}.Release|Any CPU.ActiveCfg = Release|Any CPU
		{D237E1D1-5220-928E-8E83-0E849D84DBAD}.Release|Any CPU.Build.0 = Release|Any CPU
		{3C7A05A9-70C2-61E9-215E-7FD7879C58D4}.Debug|Any CPU.ActiveCfg = Debug|Any CPU
		{3C7A05A9-70C2-61E9-215E-7FD7879C58D4}.Debug|Any CPU.Build.0 = Debug|Any CPU
		{3C7A05A9-70C2-61E9-215E-7FD7879C58D4}.Release|Any CPU.ActiveCfg = Release|Any CPU
		{3C7A05A9-70C2-61E9-215E-7FD7879C58D4}.Release|Any CPU.Build.0 = Release|Any CPU
		{BC13D34B-89A2-2331-A211-7EECE8519997}.Debug|Any CPU.ActiveCfg = Debug|Any CPU
		{BC13D34B-89A2-2331-A211-7EECE8519997}.Debug|Any CPU.Build.0 = Debug|Any CPU
		{BC13D34B-89A2-2331-A211-7EECE8519997}.Release|Any CPU.ActiveCfg = Release|Any CPU
		{BC13D34B-89A2-2331-A211-7EECE8519997}.Release|Any CPU.Build.0 = Release|Any CPU
		{BADC39A9-12E0-6306-246F-7C4EE1C1594D}.Debug|Any CPU.ActiveCfg = Debug|Any CPU
		{BADC39A9-12E0-6306-246F-7C4EE1C1594D}.Debug|Any CPU.Build.0 = Debug|Any CPU
		{BADC39A9-12E0-6306-246F-7C4EE1C1594D}.Release|Any CPU.ActiveCfg = Release|Any CPU
		{BADC39A9-12E0-6306-246F-7C4EE1C1594D}.Release|Any CPU.Build.0 = Release|Any CPU
		{F9D98A48-E8F9-6879-B2C0-4892F88B3B9E}.Debug|Any CPU.ActiveCfg = Debug|Any CPU
		{F9D98A48-E8F9-6879-B2C0-4892F88B3B9E}.Debug|Any CPU.Build.0 = Debug|Any CPU
		{F9D98A48-E8F9-6879-B2C0-4892F88B3B9E}.Release|Any CPU.ActiveCfg = Release|Any CPU
		{F9D98A48-E8F9-6879-B2C0-4892F88B3B9E}.Release|Any CPU.Build.0 = Release|Any CPU
		{6E4CBEAB-26D6-DB72-883B-7A2CE30EEE21}.Debug|Any CPU.ActiveCfg = Debug|Any CPU
		{6E4CBEAB-26D6-DB72-883B-7A2CE30EEE21}.Debug|Any CPU.Build.0 = Debug|Any CPU
		{6E4CBEAB-26D6-DB72-883B-7A2CE30EEE21}.Release|Any CPU.ActiveCfg = Release|Any CPU
		{6E4CBEAB-26D6-DB72-883B-7A2CE30EEE21}.Release|Any CPU.Build.0 = Release|Any CPU
		{DC0E0E9F-98AA-0301-2D79-A5C14E992482}.Debug|Any CPU.ActiveCfg = Debug|Any CPU
		{DC0E0E9F-98AA-0301-2D79-A5C14E992482}.Debug|Any CPU.Build.0 = Debug|Any CPU
		{DC0E0E9F-98AA-0301-2D79-A5C14E992482}.Release|Any CPU.ActiveCfg = Release|Any CPU
		{DC0E0E9F-98AA-0301-2D79-A5C14E992482}.Release|Any CPU.Build.0 = Release|Any CPU
		{10F29DC9-1599-0C76-7D3D-CC17C8CFD1CE}.Debug|Any CPU.ActiveCfg = Debug|Any CPU
		{10F29DC9-1599-0C76-7D3D-CC17C8CFD1CE}.Debug|Any CPU.Build.0 = Debug|Any CPU
		{10F29DC9-1599-0C76-7D3D-CC17C8CFD1CE}.Release|Any CPU.ActiveCfg = Release|Any CPU
		{10F29DC9-1599-0C76-7D3D-CC17C8CFD1CE}.Release|Any CPU.Build.0 = Release|Any CPU
		{25BC10BC-79BF-9569-C962-27CF7553650F}.Debug|Any CPU.ActiveCfg = Debug|Any CPU
		{25BC10BC-79BF-9569-C962-27CF7553650F}.Debug|Any CPU.Build.0 = Debug|Any CPU
		{25BC10BC-79BF-9569-C962-27CF7553650F}.Release|Any CPU.ActiveCfg = Release|Any CPU
		{25BC10BC-79BF-9569-C962-27CF7553650F}.Release|Any CPU.Build.0 = Release|Any CPU
		{71996954-37B0-7F4A-3710-FC7FAD7ED9F4}.Debug|Any CPU.ActiveCfg = Debug|Any CPU
		{71996954-37B0-7F4A-3710-FC7FAD7ED9F4}.Debug|Any CPU.Build.0 = Debug|Any CPU
		{71996954-37B0-7F4A-3710-FC7FAD7ED9F4}.Release|Any CPU.ActiveCfg = Release|Any CPU
		{71996954-37B0-7F4A-3710-FC7FAD7ED9F4}.Release|Any CPU.Build.0 = Release|Any CPU
		{4A16DF62-80CE-3446-8A6F-4515B46C302E}.Debug|Any CPU.ActiveCfg = Debug|Any CPU
		{4A16DF62-80CE-3446-8A6F-4515B46C302E}.Debug|Any CPU.Build.0 = Debug|Any CPU
		{4A16DF62-80CE-3446-8A6F-4515B46C302E}.Release|Any CPU.ActiveCfg = Release|Any CPU
		{4A16DF62-80CE-3446-8A6F-4515B46C302E}.Release|Any CPU.Build.0 = Release|Any CPU
		{A96F0FFA-06B1-2A4E-B714-34EA7871A367}.Debug|Any CPU.ActiveCfg = Debug|Any CPU
		{A96F0FFA-06B1-2A4E-B714-34EA7871A367}.Debug|Any CPU.Build.0 = Debug|Any CPU
		{A96F0FFA-06B1-2A4E-B714-34EA7871A367}.Release|Any CPU.ActiveCfg = Release|Any CPU
		{A96F0FFA-06B1-2A4E-B714-34EA7871A367}.Release|Any CPU.Build.0 = Release|Any CPU
	EndGlobalSection
	GlobalSection(SolutionProperties) = preSolution
		HideSolutionNode = FALSE
	EndGlobalSection
EndGlobal
